// !$*UTF8*$!
{
	archiveVersion = 1;
	classes = {
	};
	objectVersion = 56;
	objects = {

/* Begin PBXBuildFile section */
		358AC4FF2A3F76F30011D9AD /* PhotoView.swift in Sources */ = {isa = PBXBuildFile; fileRef = 358AC4FE2A3F76F30011D9AD /* PhotoView.swift */; };
		35C929C32A3E2FB500B04CCE /* RestaurantAppApp.swift in Sources */ = {isa = PBXBuildFile; fileRef = 35C929C22A3E2FB500B04CCE /* RestaurantAppApp.swift */; };
		35C929C52A3E2FB500B04CCE /* MainView.swift in Sources */ = {isa = PBXBuildFile; fileRef = 35C929C42A3E2FB500B04CCE /* MainView.swift */; };
		35C929C72A3E2FB700B04CCE /* Assets.xcassets in Resources */ = {isa = PBXBuildFile; fileRef = 35C929C62A3E2FB700B04CCE /* Assets.xcassets */; };
		35C929CA2A3E2FB700B04CCE /* Preview Assets.xcassets in Resources */ = {isa = PBXBuildFile; fileRef = 35C929C92A3E2FB700B04CCE /* Preview Assets.xcassets */; };
		35C929D12A3E33AD00B04CCE /* AboutView.swift in Sources */ = {isa = PBXBuildFile; fileRef = 35C929D02A3E33AD00B04CCE /* AboutView.swift */; };
		35C929D32A3E33C100B04CCE /* GalleryView.swift in Sources */ = {isa = PBXBuildFile; fileRef = 35C929D22A3E33C100B04CCE /* GalleryView.swift */; };
		35C929D52A3E33D300B04CCE /* MenuView.swift in Sources */ = {isa = PBXBuildFile; fileRef = 35C929D42A3E33D300B04CCE /* MenuView.swift */; };
		35C929D92A3E342200B04CCE /* MenuListRow.swift in Sources */ = {isa = PBXBuildFile; fileRef = 35C929D62A3E342200B04CCE /* MenuListRow.swift */; };
		35C929DA2A3E342200B04CCE /* MenuItem.swift in Sources */ = {isa = PBXBuildFile; fileRef = 35C929D72A3E342200B04CCE /* MenuItem.swift */; };
		35C929DB2A3E342200B04CCE /* DataService.swift in Sources */ = {isa = PBXBuildFile; fileRef = 35C929D82A3E342200B04CCE /* DataService.swift */; };
/* End PBXBuildFile section */

/* Begin PBXFileReference section */
		358AC4FE2A3F76F30011D9AD /* PhotoView.swift */ = {isa = PBXFileReference; lastKnownFileType = sourcecode.swift; path = PhotoView.swift; sourceTree = "<group>"; };
		35C929BF2A3E2FB500B04CCE /* RestaurantApp.app */ = {isa = PBXFileReference; explicitFileType = wrapper.application; includeInIndex = 0; path = RestaurantApp.app; sourceTree = BUILT_PRODUCTS_DIR; };
		35C929C22A3E2FB500B04CCE /* RestaurantAppApp.swift */ = {isa = PBXFileReference; lastKnownFileType = sourcecode.swift; path = RestaurantAppApp.swift; sourceTree = "<group>"; };
		35C929C42A3E2FB500B04CCE /* MainView.swift */ = {isa = PBXFileReference; lastKnownFileType = sourcecode.swift; path = MainView.swift; sourceTree = "<group>"; };
		35C929C62A3E2FB700B04CCE /* Assets.xcassets */ = {isa = PBXFileReference; lastKnownFileType = folder.assetcatalog; path = Assets.xcassets; sourceTree = "<group>"; };
		35C929C92A3E2FB700B04CCE /* Preview Assets.xcassets */ = {isa = PBXFileReference; lastKnownFileType = folder.assetcatalog; path = "Preview Assets.xcassets"; sourceTree = "<group>"; };
		35C929D02A3E33AD00B04CCE /* AboutView.swift */ = {isa = PBXFileReference; lastKnownFileType = sourcecode.swift; path = AboutView.swift; sourceTree = "<group>"; };
		35C929D22A3E33C100B04CCE /* GalleryView.swift */ = {isa = PBXFileReference; lastKnownFileType = sourcecode.swift; path = GalleryView.swift; sourceTree = "<group>"; };
		35C929D42A3E33D300B04CCE /* MenuView.swift */ = {isa = PBXFileReference; lastKnownFileType = sourcecode.swift; path = MenuView.swift; sourceTree = "<group>"; };
		35C929D62A3E342200B04CCE /* MenuListRow.swift */ = {isa = PBXFileReference; fileEncoding = 4; lastKnownFileType = sourcecode.swift; path = MenuListRow.swift; sourceTree = "<group>"; };
		35C929D72A3E342200B04CCE /* MenuItem.swift */ = {isa = PBXFileReference; fileEncoding = 4; lastKnownFileType = sourcecode.swift; path = MenuItem.swift; sourceTree = "<group>"; };
		35C929D82A3E342200B04CCE /* DataService.swift */ = {isa = PBXFileReference; fileEncoding = 4; lastKnownFileType = sourcecode.swift; path = DataService.swift; sourceTree = "<group>"; };
/* End PBXFileReference section */

/* Begin PBXFrameworksBuildPhase section */
		35C929BC2A3E2FB500B04CCE /* Frameworks */ = {
			isa = PBXFrameworksBuildPhase;
			buildActionMask = 2147483647;
			files = (
			);
			runOnlyForDeploymentPostprocessing = 0;
		};
/* End PBXFrameworksBuildPhase section */

/* Begin PBXGroup section */
		35C929B62A3E2FB500B04CCE = {
			isa = PBXGroup;
			children = (
				35C929C12A3E2FB500B04CCE /* RestaurantApp */,
				35C929C02A3E2FB500B04CCE /* Products */,
			);
			sourceTree = "<group>";
		};
		35C929C02A3E2FB500B04CCE /* Products */ = {
			isa = PBXGroup;
			children = (
				35C929BF2A3E2FB500B04CCE /* RestaurantApp.app */,
			);
			name = Products;
			sourceTree = "<group>";
		};
		35C929C12A3E2FB500B04CCE /* RestaurantApp */ = {
			isa = PBXGroup;
			children = (
				35C929C22A3E2FB500B04CCE /* RestaurantAppApp.swift */,
				35C929C42A3E2FB500B04CCE /* MainView.swift */,
				35C929C62A3E2FB700B04CCE /* Assets.xcassets */,
				35C929C82A3E2FB700B04CCE /* Preview Content */,
				35C929D42A3E33D300B04CCE /* MenuView.swift */,
				35C929D22A3E33C100B04CCE /* GalleryView.swift */,
				35C929D02A3E33AD00B04CCE /* AboutView.swift */,
				35C929D82A3E342200B04CCE /* DataService.swift */,
				35C929D72A3E342200B04CCE /* MenuItem.swift */,
				35C929D62A3E342200B04CCE /* MenuListRow.swift */,
				358AC4FE2A3F76F30011D9AD /* PhotoView.swift */,
			);
			path = RestaurantApp;
			sourceTree = "<group>";
		};
		35C929C82A3E2FB700B04CCE /* Preview Content */ = {
			isa = PBXGroup;
			children = (
				35C929C92A3E2FB700B04CCE /* Preview Assets.xcassets */,
			);
			path = "Preview Content";
			sourceTree = "<group>";
		};
/* End PBXGroup section */

/* Begin PBXNativeTarget section */
		35C929BE2A3E2FB500B04CCE /* RestaurantApp */ = {
			isa = PBXNativeTarget;
			buildConfigurationList = 35C929CD2A3E2FB700B04CCE /* Build configuration list for PBXNativeTarget "RestaurantApp" */;
			buildPhases = (
				35C929BB2A3E2FB500B04CCE /* Sources */,
				35C929BC2A3E2FB500B04CCE /* Frameworks */,
				35C929BD2A3E2FB500B04CCE /* Resources */,
			);
			buildRules = (
			);
			dependencies = (
			);
			name = RestaurantApp;
			productName = RestaurantApp;
			productReference = 35C929BF2A3E2FB500B04CCE /* RestaurantApp.app */;
			productType = "com.apple.product-type.application";
		};
/* End PBXNativeTarget section */

/* Begin PBXProject section */
		35C929B72A3E2FB500B04CCE /* Project object */ = {
			isa = PBXProject;
			attributes = {
				BuildIndependentTargetsInParallel = 1;
				LastSwiftUpdateCheck = 1430;
				LastUpgradeCheck = 1430;
				TargetAttributes = {
					35C929BE2A3E2FB500B04CCE = {
						CreatedOnToolsVersion = 14.3.1;
					};
				};
			};
			buildConfigurationList = 35C929BA2A3E2FB500B04CCE /* Build configuration list for PBXProject "RestaurantApp" */;
			compatibilityVersion = "Xcode 14.0";
			developmentRegion = en;
			hasScannedForEncodings = 0;
			knownRegions = (
				en,
				Base,
			);
			mainGroup = 35C929B62A3E2FB500B04CCE;
			productRefGroup = 35C929C02A3E2FB500B04CCE /* Products */;
			projectDirPath = "";
			projectRoot = "";
			targets = (
				35C929BE2A3E2FB500B04CCE /* RestaurantApp */,
			);
		};
/* End PBXProject section */

/* Begin PBXResourcesBuildPhase section */
		35C929BD2A3E2FB500B04CCE /* Resources */ = {
			isa = PBXResourcesBuildPhase;
			buildActionMask = 2147483647;
			files = (
				35C929CA2A3E2FB700B04CCE /* Preview Assets.xcassets in Resources */,
				35C929C72A3E2FB700B04CCE /* Assets.xcassets in Resources */,
			);
			runOnlyForDeploymentPostprocessing = 0;
		};
/* End PBXResourcesBuildPhase section */

/* Begin PBXSourcesBuildPhase section */
		35C929BB2A3E2FB500B04CCE /* Sources */ = {
			isa = PBXSourcesBuildPhase;
			buildActionMask = 2147483647;
			files = (
				35C929DA2A3E342200B04CCE /* MenuItem.swift in Sources */,
				35C929D52A3E33D300B04CCE /* MenuView.swift in Sources */,
				35C929D92A3E342200B04CCE /* MenuListRow.swift in Sources */,
				358AC4FF2A3F76F30011D9AD /* PhotoView.swift in Sources */,
				35C929C52A3E2FB500B04CCE /* MainView.swift in Sources */,
				35C929D12A3E33AD00B04CCE /* AboutView.swift in Sources */,
				35C929C32A3E2FB500B04CCE /* RestaurantAppApp.swift in Sources */,
				35C929D32A3E33C100B04CCE /* GalleryView.swift in Sources */,
				35C929DB2A3E342200B04CCE /* DataService.swift in Sources */,
			);
			runOnlyForDeploymentPostprocessing = 0;
		};
/* End PBXSourcesBuildPhase section */

/* Begin XCBuildConfiguration section */
		35C929CB2A3E2FB700B04CCE /* Debug */ = {
			isa = XCBuildConfiguration;
			buildSettings = {
				ALWAYS_SEARCH_USER_PATHS = NO;
				CLANG_ANALYZER_NONNULL = YES;
				CLANG_ANALYZER_NUMBER_OBJECT_CONVERSION = YES_AGGRESSIVE;
				CLANG_CXX_LANGUAGE_STANDARD = "gnu++20";
				CLANG_ENABLE_MODULES = YES;
				CLANG_ENABLE_OBJC_ARC = YES;
				CLANG_ENABLE_OBJC_WEAK = YES;
				CLANG_WARN_BLOCK_CAPTURE_AUTORELEASING = YES;
				CLANG_WARN_BOOL_CONVERSION = YES;
				CLANG_WARN_COMMA = YES;
				CLANG_WARN_CONSTANT_CONVERSION = YES;
				CLANG_WARN_DEPRECATED_OBJC_IMPLEMENTATIONS = YES;
				CLANG_WARN_DIRECT_OBJC_ISA_USAGE = YES_ERROR;
				CLANG_WARN_DOCUMENTATION_COMMENTS = YES;
				CLANG_WARN_EMPTY_BODY = YES;
				CLANG_WARN_ENUM_CONVERSION = YES;
				CLANG_WARN_INFINITE_RECURSION = YES;
				CLANG_WARN_INT_CONVERSION = YES;
				CLANG_WARN_NON_LITERAL_NULL_CONVERSION = YES;
				CLANG_WARN_OBJC_IMPLICIT_RETAIN_SELF = YES;
				CLANG_WARN_OBJC_LITERAL_CONVERSION = YES;
				CLANG_WARN_OBJC_ROOT_CLASS = YES_ERROR;
				CLANG_WARN_QUOTED_INCLUDE_IN_FRAMEWORK_HEADER = YES;
				CLANG_WARN_RANGE_LOOP_ANALYSIS = YES;
				CLANG_WARN_STRICT_PROTOTYPES = YES;
				CLANG_WARN_SUSPICIOUS_MOVE = YES;
				CLANG_WARN_UNGUARDED_AVAILABILITY = YES_AGGRESSIVE;
				CLANG_WARN_UNREACHABLE_CODE = YES;
				CLANG_WARN__DUPLICATE_METHOD_MATCH = YES;
				COPY_PHASE_STRIP = NO;
				DEBUG_INFORMATION_FORMAT = dwarf;
				ENABLE_STRICT_OBJC_MSGSEND = YES;
				ENABLE_TESTABILITY = YES;
				GCC_C_LANGUAGE_STANDARD = gnu11;
				GCC_DYNAMIC_NO_PIC = NO;
				GCC_NO_COMMON_BLOCKS = YES;
				GCC_OPTIMIZATION_LEVEL = 0;
				GCC_PREPROCESSOR_DEFINITIONS = (
					"DEBUG=1",
					"$(inherited)",
				);
				GCC_WARN_64_TO_32_BIT_CONVERSION = YES;
				GCC_WARN_ABOUT_RETURN_TYPE = YES_ERROR;
				GCC_WARN_UNDECLARED_SELECTOR = YES;
				GCC_WARN_UNINITIALIZED_AUTOS = YES_AGGRESSIVE;
				GCC_WARN_UNUSED_FUNCTION = YES;
				GCC_WARN_UNUSED_VARIABLE = YES;
				IPHONEOS_DEPLOYMENT_TARGET = 16.4;
				MTL_ENABLE_DEBUG_INFO = INCLUDE_SOURCE;
				MTL_FAST_MATH = YES;
				ONLY_ACTIVE_ARCH = YES;
				SDKROOT = iphoneos;
				SWIFT_ACTIVE_COMPILATION_CONDITIONS = DEBUG;
				SWIFT_OPTIMIZATION_LEVEL = "-Onone";
			};
			name = Debug;
		};
		35C929CC2A3E2FB700B04CCE /* Release */ = {
			isa = XCBuildConfiguration;
			buildSettings = {
				ALWAYS_SEARCH_USER_PATHS = NO;
				CLANG_ANALYZER_NONNULL = YES;
				CLANG_ANALYZER_NUMBER_OBJECT_CONVERSION = YES_AGGRESSIVE;
				CLANG_CXX_LANGUAGE_STANDARD = "gnu++20";
				CLANG_ENABLE_MODULES = YES;
				CLANG_ENABLE_OBJC_ARC = YES;
				CLANG_ENABLE_OBJC_WEAK = YES;
				CLANG_WARN_BLOCK_CAPTURE_AUTORELEASING = YES;
				CLANG_WARN_BOOL_CONVERSION = YES;
				CLANG_WARN_COMMA = YES;
				CLANG_WARN_CONSTANT_CONVERSION = YES;
				CLANG_WARN_DEPRECATED_OBJC_IMPLEMENTATIONS = YES;
				CLANG_WARN_DIRECT_OBJC_ISA_USAGE = YES_ERROR;
				CLANG_WARN_DOCUMENTATION_COMMENTS = YES;
				CLANG_WARN_EMPTY_BODY = YES;
				CLANG_WARN_ENUM_CONVERSION = YES;
				CLANG_WARN_INFINITE_RECURSION = YES;
				CLANG_WARN_INT_CONVERSION = YES;
				CLANG_WARN_NON_LITERAL_NULL_CONVERSION = YES;
				CLANG_WARN_OBJC_IMPLICIT_RETAIN_SELF = YES;
				CLANG_WARN_OBJC_LITERAL_CONVERSION = YES;
				CLANG_WARN_OBJC_ROOT_CLASS = YES_ERROR;
				CLANG_WARN_QUOTED_INCLUDE_IN_FRAMEWORK_HEADER = YES;
				CLANG_WARN_RANGE_LOOP_ANALYSIS = YES;
				CLANG_WARN_STRICT_PROTOTYPES = YES;
				CLANG_WARN_SUSPICIOUS_MOVE = YES;
				CLANG_WARN_UNGUARDED_AVAILABILITY = YES_AGGRESSIVE;
				CLANG_WARN_UNREACHABLE_CODE = YES;
				CLANG_WARN__DUPLICATE_METHOD_MATCH = YES;
				COPY_PHASE_STRIP = NO;
				DEBUG_INFORMATION_FORMAT = "dwarf-with-dsym";
				ENABLE_NS_ASSERTIONS = NO;
				ENABLE_STRICT_OBJC_MSGSEND = YES;
				GCC_C_LANGUAGE_STANDARD = gnu11;
				GCC_NO_COMMON_BLOCKS = YES;
				GCC_WARN_64_TO_32_BIT_CONVERSION = YES;
				GCC_WARN_ABOUT_RETURN_TYPE = YES_ERROR;
				GCC_WARN_UNDECLARED_SELECTOR = YES;
				GCC_WARN_UNINITIALIZED_AUTOS = YES_AGGRESSIVE;
				GCC_WARN_UNUSED_FUNCTION = YES;
				GCC_WARN_UNUSED_VARIABLE = YES;
				IPHONEOS_DEPLOYMENT_TARGET = 16.4;
				MTL_ENABLE_DEBUG_INFO = NO;
				MTL_FAST_MATH = YES;
				SDKROOT = iphoneos;
				SWIFT_COMPILATION_MODE = wholemodule;
				SWIFT_OPTIMIZATION_LEVEL = "-O";
				VALIDATE_PRODUCT = YES;
			};
			name = Release;
		};
		35C929CE2A3E2FB700B04CCE /* Debug */ = {
			isa = XCBuildConfiguration;
			buildSettings = {
				ASSETCATALOG_COMPILER_APPICON_NAME = AppIcon;
				ASSETCATALOG_COMPILER_GLOBAL_ACCENT_COLOR_NAME = AccentColor;
				CODE_SIGN_STYLE = Automatic;
				CURRENT_PROJECT_VERSION = 1;
				DEVELOPMENT_ASSET_PATHS = "\"RestaurantApp/Preview Content\"";
				DEVELOPMENT_TEAM = Y55N5NMRT5;
				ENABLE_PREVIEWS = YES;
				GENERATE_INFOPLIST_FILE = YES;
				INFOPLIST_KEY_UIApplicationSceneManifest_Generation = YES;
				INFOPLIST_KEY_UIApplicationSupportsIndirectInputEvents = YES;
				INFOPLIST_KEY_UILaunchScreen_Generation = YES;
				INFOPLIST_KEY_UISupportedInterfaceOrientations_iPad = "UIInterfaceOrientationPortrait UIInterfaceOrientationPortraitUpsideDown UIInterfaceOrientationLandscapeLeft UIInterfaceOrientationLandscapeRight";
				INFOPLIST_KEY_UISupportedInterfaceOrientations_iPhone = "UIInterfaceOrientationPortrait UIInterfaceOrientationLandscapeLeft UIInterfaceOrientationLandscapeRight";
				LD_RUNPATH_SEARCH_PATHS = (
					"$(inherited)",
					"@executable_path/Frameworks",
				);
				MARKETING_VERSION = 1.0;
				PRODUCT_BUNDLE_IDENTIFIER = things.com.tr.RestaurantApp;
				PRODUCT_NAME = "$(TARGET_NAME)";
				SWIFT_EMIT_LOC_STRINGS = YES;
				SWIFT_VERSION = 5.0;
				TARGETED_DEVICE_FAMILY = "1,2";
			};
			name = Debug;
		};
		35C929CF2A3E2FB700B04CCE /* Release */ = {
			isa = XCBuildConfiguration;
			buildSettings = {
				ASSETCATALOG_COMPILER_APPICON_NAME = AppIcon;
				ASSETCATALOG_COMPILER_GLOBAL_ACCENT_COLOR_NAME = AccentColor;
				CODE_SIGN_STYLE = Automatic;
				CURRENT_PROJECT_VERSION = 1;
				DEVELOPMENT_ASSET_PATHS = "\"RestaurantApp/Preview Content\"";
				DEVELOPMENT_TEAM = Y55N5NMRT5;
				ENABLE_PREVIEWS = YES;
				GENERATE_INFOPLIST_FILE = YES;
				INFOPLIST_KEY_UIApplicationSceneManifest_Generation = YES;
				INFOPLIST_KEY_UIApplicationSupportsIndirectInputEvents = YES;
				INFOPLIST_KEY_UILaunchScreen_Generation = YES;
				INFOPLIST_KEY_UISupportedInterfaceOrientations_iPad = "UIInterfaceOrientationPortrait UIInterfaceOrientationPortraitUpsideDown UIInterfaceOrientationLandscapeLeft UIInterfaceOrientationLandscapeRight";
				INFOPLIST_KEY_UISupportedInterfaceOrientations_iPhone = "UIInterfaceOrientationPortrait UIInterfaceOrientationLandscapeLeft UIInterfaceOrientationLandscapeRight";
				LD_RUNPATH_SEARCH_PATHS = (
					"$(inherited)",
					"@executable_path/Frameworks",
				);
				MARKETING_VERSION = 1.0;
				PRODUCT_BUNDLE_IDENTIFIER = things.com.tr.RestaurantApp;
				PRODUCT_NAME = "$(TARGET_NAME)";
				SWIFT_EMIT_LOC_STRINGS = YES;
				SWIFT_VERSION = 5.0;
				TARGETED_DEVICE_FAMILY = "1,2";
			};
			name = Release;
		};
/* End XCBuildConfiguration section */

/* Begin XCConfigurationList section */
		35C929BA2A3E2FB500B04CCE /* Build configuration list for PBXProject "RestaurantApp" */ = {
			isa = XCConfigurationList;
			buildConfigurations = (
				35C929CB2A3E2FB700B04CCE /* Debug */,
				35C929CC2A3E2FB700B04CCE /* Release */,
			);
			defaultConfigurationIsVisible = 0;
			defaultConfigurationName = Release;
		};
		35C929CD2A3E2FB700B04CCE /* Build configuration list for PBXNativeTarget "RestaurantApp" */ = {
			isa = XCConfigurationList;
			buildConfigurations = (
				35C929CE2A3E2FB700B04CCE /* Debug */,
				35C929CF2A3E2FB700B04CCE /* Release */,
			);
			defaultConfigurationIsVisible = 0;
			defaultConfigurationName = Release;
		};
/* End XCConfigurationList section */
	};
	rootObject = 35C929B72A3E2FB500B04CCE /* Project object */;
}
